
Microsoft Visual Studio Solution File, Format Version 12.00
# Visual Studio Version 17
VisualStudioVersion = 17.4.33103.184
MinimumVisualStudioVersion = 10.0.40219.1
Project("{FAE04EC0-301F-11D3-BF4B-00C04F79EFBC}") = "WpfControlsTextApp", "WpfControlsTextApp\WpfControlsTextApp.csproj", "{B81284CD-29D3-42AD-AD4C-132EEFF1B01E}"
EndProject
Global
	GlobalSection(SolutionConfigurationPlatforms) = preSolution
		Debug|Any CPU = Debug|Any CPU
		Release|Any CPU = Release|Any CPU
	EndGlobalSection
	GlobalSection(ProjectConfigurationPlatforms) = postSolution
		{B81284CD-29D3-42AD-AD4C-132EEFF1B01E}.Debug|Any CPU.ActiveCfg = Debug|Any CPU
		{B81284CD-29D3-42AD-AD4C-132EEFF1B01E}.Debug|Any CPU.Build.0 = Debug|Any CPU
		{B81284CD-29D3-42AD-AD4C-132EEFF1B01E}.Release|Any CPU.ActiveCfg = Release|Any CPU
		{B81284CD-29D3-42AD-AD4C-132EEFF1B01E}.Release|Any CPU.Build.0 = Release|Any CPU
	EndGlobalSection
	GlobalSection(SolutionProperties) = preSolution
		HideSolutionNode = FALSE
	EndGlobalSection
	GlobalSection(ExtensibilityGlobals) = postSolution
		SolutionGuid = {5BB6F6AA-732B-42FD-B832-4A607E06799C}
	EndGlobalSection
EndGlobal
